
Microsoft Visual Studio Solution File, Format Version 12.00
# Visual Studio Version 17
VisualStudioVersion = 17.0.32014.148
MinimumVisualStudioVersion = 10.0.40219.1
Project("{FAE04EC0-301F-11D3-BF4B-00C04F79EFBC}") = "FreddinhoWebApi", "FredinhoWebApi\FreddinhoWebApi.csproj", "{B0AD1C3D-E1F1-4A7F-AB4C-8015CB17ED6C}"
EndProject
Global
	GlobalSection(SolutionConfigurationPlatforms) = preSolution
		Debug|Any CPU = Debug|Any CPU
		Release|Any CPU = Release|Any CPU
	EndGlobalSection
	GlobalSection(ProjectConfigurationPlatforms) = postSolution
		{B0AD1C3D-E1F1-4A7F-AB4C-8015CB17ED6C}.Debug|Any CPU.ActiveCfg = Debug|Any CPU
		{B0AD1C3D-E1F1-4A7F-AB4C-8015CB17ED6C}.Debug|Any CPU.Build.0 = Debug|Any CPU
		{B0AD1C3D-E1F1-4A7F-AB4C-8015CB17ED6C}.Release|Any CPU.ActiveCfg = Release|Any CPU
		{B0AD1C3D-E1F1-4A7F-AB4C-8015CB17ED6C}.Release|Any CPU.Build.0 = Release|Any CPU
	EndGlobalSection
	GlobalSection(SolutionProperties) = preSolution
		HideSolutionNode = FALSE
	EndGlobalSection
	GlobalSection(ExtensibilityGlobals) = postSolution
		SolutionGuid = {C5E73312-3C9F-428F-BB99-2E67778E375E}
	EndGlobalSection
EndGlobal
